{
  "name": "css-selector-generator-benchmark",
  "version": "1.0.0",
  "lockfileVersion": 1,
  "requires": true,
  "dependencies": {
    "css-selector": {
      "version": "0.1.0",
      "resolved": "https://registry.npmjs.org/css-selector/-/css-selector-0.1.0.tgz",
      "integrity": "sha1-M8D15o+XUn4posPuyFYnYp4zcwI=",
      "requires": {
        "jquery": "2.1.4"
      },
      "dependencies": {
        "jquery": {
          "version": "2.1.4",
          "resolved": "https://registry.npmjs.org/jquery/-/jquery-2.1.4.tgz",
          "integrity": "sha1-IoveaYoMYUMdwmMKahVPFYkNIxc="
        }
      }
    },
    "css-selector-generator": {
      "version": "0.5.0",
      "resolved": "https://registry.npmjs.org/css-selector-generator/-/css-selector-generator-0.5.0.tgz",
      "integrity": "sha1-Hkc6/EvOiMzC+KUy3s2V2C50kqk="
    },
    "cssman": {
      "version": "0.0.1",
      "resolved": "https://registry.npmjs.org/cssman/-/cssman-0.0.1.tgz",
      "integrity": "sha1-x/cLCJbGAbZ+YLKzc49NSRMrpEY="
    },
    "domtalk": {
      "version": "0.0.2",
      "resolved": "https://registry.npmjs.org/domtalk/-/domtalk-0.0.2.tgz",
      "integrity": "sha1-ibVaRaGU3JcvXtw6ZzKz00T5Wmk="
    },
    "get-query-selector": {
      "version": "0.0.1",
      "resolved": "https://registry.npmjs.org/get-query-selector/-/get-query-selector-0.0.1.tgz",
      "integrity": "sha1-BSGo6gEHQyWo4+FCvyr1PfhNRWs="
    },
    "jquery": {
      "version": "2.2.4",
      "resolved": "https://registry.npmjs.org/jquery/-/jquery-2.2.4.tgz",
      "integrity": "sha1-LInWiJterFIqfuoywUUhVZxsvwI="
    },
    "jquery-selectorator": {
      "version": "0.1.6",
      "resolved": "https://registry.npmjs.org/jquery-selectorator/-/jquery-selectorator-0.1.6.tgz",
      "integrity": "sha1-2RTOgpimc39HAeT1BFNFXlZulUE=",
      "requires": {
        "jquery": "2.2.4"
      }
    },
    "optimal-select": {
      "version": "1.0.2",
      "resolved": "https://registry.npmjs.org/optimal-select/-/optimal-select-1.0.2.tgz",
      "integrity": "sha1-OCPvB75Q9lIAz47ZnIR9F9mktvE="
    },
    "selector-query": {
      "version": "1.0.1",
      "resolved": "https://registry.npmjs.org/selector-query/-/selector-query-1.0.1.tgz",
      "integrity": "sha1-BFLqB3Bi+xVQoipQSNSwxL2blQA="
    }
  }
}
